
Microsoft Visual Studio Solution File, Format Version 12.00
# Visual Studio Version 17
VisualStudioVersion = 17.8.34330.188
MinimumVisualStudioVersion = 10.0.40219.1
Project("{FAE04EC0-301F-11D3-BF4B-00C04F79EFBC}") = "kursach", "kursach\kursach.csproj", "{7B994EEF-3B8F-468F-8404-9266BB37DCA4}"
EndProject
Global
	GlobalSection(SolutionConfigurationPlatforms) = preSolution
		Debug|Any CPU = Debug|Any CPU
		Release|Any CPU = Release|Any CPU
	EndGlobalSection
	GlobalSection(ProjectConfigurationPlatforms) = postSolution
		{7B994EEF-3B8F-468F-8404-9266BB37DCA4}.Debug|Any CPU.ActiveCfg = Debug|Any CPU
		{7B994EEF-3B8F-468F-8404-9266BB37DCA4}.Debug|Any CPU.Build.0 = Debug|Any CPU
		{7B994EEF-3B8F-468F-8404-9266BB37DCA4}.Release|Any CPU.ActiveCfg = Release|Any CPU
		{7B994EEF-3B8F-468F-8404-9266BB37DCA4}.Release|Any CPU.Build.0 = Release|Any CPU
	EndGlobalSection
	GlobalSection(SolutionProperties) = preSolution
		HideSolutionNode = FALSE
	EndGlobalSection
	GlobalSection(ExtensibilityGlobals) = postSolution
		SolutionGuid = {8A4E5DB2-950E-46CA-B1B6-604F084B9028}
	EndGlobalSection
EndGlobal
